# This file is automatically @generated by Cargo.
# It is not intended for manual editing.
version = 4

[[package]]
name = "lantern-app"
version = "0.1.0"
dependencies = [
 "lantern-domain",
 "lantern-profile",
]

[[package]]
name = "lantern-domain"
version = "0.1.0"

[[package]]
name = "lantern-profile"
version = "0.1.0"
dependencies = [
 "lantern-domain",
]

[[package]]
name = "lantern-sim"
version = "0.1.0"
dependencies = [
 "lantern-app",
 "lantern-domain",
 "lantern-profile",
 "lantern-transport",
]

[[package]]
name = "lantern-storage"
version = "0.1.0"
dependencies = [
 "lantern-app",
 "lantern-domain",
]

[[package]]
name = "lantern-transport"
version = "0.1.0"
dependencies = [
 "lantern-app",
 "lantern-domain",
]

[[package]]
name = "lantern-tui"
version = "0.1.0"
dependencies = [
 "lantern-app",
]

[[package]]
name = "vfd-lantern"
version = "0.1.0"
dependencies = [
 "lantern-app",
 "lantern-domain",
 "lantern-profile",
 "lantern-storage",
 "lantern-transport",
 "lantern-tui",
]
